
Microsoft Visual Studio Solution File, Format Version 12.00
# Visual Studio Version 17
VisualStudioVersion = 17.8.34330.188
MinimumVisualStudioVersion = 10.0.40219.1
Project("{FAE04EC0-301F-11D3-BF4B-00C04F79EFBC}") = "Library_bvd53jkl", "Library_bvd53jkl.csproj", "{0A55773D-D1D7-4693-85DC-4640370BF455}"
EndProject
Global
	GlobalSection(SolutionConfigurationPlatforms) = preSolution
		Debug|Any CPU = Debug|Any CPU
		Release|Any CPU = Release|Any CPU
	EndGlobalSection
	GlobalSection(ProjectConfigurationPlatforms) = postSolution
		{0A55773D-D1D7-4693-85DC-4640370BF455}.Debug|Any CPU.ActiveCfg = Debug|Any CPU
		{0A55773D-D1D7-4693-85DC-4640370BF455}.Debug|Any CPU.Build.0 = Debug|Any CPU
		{0A55773D-D1D7-4693-85DC-4640370BF455}.Release|Any CPU.ActiveCfg = Release|Any CPU
		{0A55773D-D1D7-4693-85DC-4640370BF455}.Release|Any CPU.Build.0 = Release|Any CPU
	EndGlobalSection
	GlobalSection(SolutionProperties) = preSolution
		HideSolutionNode = FALSE
	EndGlobalSection
	GlobalSection(ExtensibilityGlobals) = postSolution
		SolutionGuid = {E15B4060-C7B1-40F1-BAFE-7039DF410FC5}
	EndGlobalSection
EndGlobal
