
Microsoft Visual Studio Solution File, Format Version 12.00
# Visual Studio Version 17
VisualStudioVersion = 17.8.34330.188
MinimumVisualStudioVersion = 10.0.40219.1
Project("{FAE04EC0-301F-11D3-BF4B-00C04F79EFBC}") = "Project_VH", "Project_VH\Project_VH.csproj", "{A6E4A9A7-ECB4-499B-8B9B-CBDAD7A51809}"
EndProject
Global
	GlobalSection(SolutionConfigurationPlatforms) = preSolution
		Debug|Any CPU = Debug|Any CPU
		Release|Any CPU = Release|Any CPU
	EndGlobalSection
	GlobalSection(ProjectConfigurationPlatforms) = postSolution
		{A6E4A9A7-ECB4-499B-8B9B-CBDAD7A51809}.Debug|Any CPU.ActiveCfg = Debug|Any CPU
		{A6E4A9A7-ECB4-499B-8B9B-CBDAD7A51809}.Debug|Any CPU.Build.0 = Debug|Any CPU
		{A6E4A9A7-ECB4-499B-8B9B-CBDAD7A51809}.Release|Any CPU.ActiveCfg = Release|Any CPU
		{A6E4A9A7-ECB4-499B-8B9B-CBDAD7A51809}.Release|Any CPU.Build.0 = Release|Any CPU
	EndGlobalSection
	GlobalSection(SolutionProperties) = preSolution
		HideSolutionNode = FALSE
	EndGlobalSection
	GlobalSection(ExtensibilityGlobals) = postSolution
		SolutionGuid = {758B51C5-E393-4FA2-86F6-181DDD9891CD}
	EndGlobalSection
EndGlobal
