
Microsoft Visual Studio Solution File, Format Version 12.00
# Visual Studio Version 17
VisualStudioVersion = 17.8.34330.188
MinimumVisualStudioVersion = 10.0.40219.1
Project("{9A19103F-16F7-4668-BE54-9A1E7A4F7556}") = "Project_VH", "Project_VH\Project_VH.csproj", "{A6E4A9A7-ECB4-499B-8B9B-CBDAD7A51809}"
EndProject
Project("{9A19103F-16F7-4668-BE54-9A1E7A4F7556}") = "Project_VH.Dal", "Dal\Project_VH.Dal.csproj", "{CEA378A7-5423-45F3-94C1-1DFF172258B1}"
EndProject
Project("{9A19103F-16F7-4668-BE54-9A1E7A4F7556}") = "Project_VH.Domain", "Domain\Project_VH.Domain.csproj", "{20A22557-DBB3-49F7-B526-A1061D9BE03E}"
EndProject
Project("{9A19103F-16F7-4668-BE54-9A1E7A4F7556}") = "Project_VH.Contract", "Contract\Project_VH.Contract.csproj", "{8D85D21E-6170-468B-BE24-A8E9C767DFEB}"
EndProject
Global
	GlobalSection(SolutionConfigurationPlatforms) = preSolution
		Debug|Any CPU = Debug|Any CPU
		Release|Any CPU = Release|Any CPU
	EndGlobalSection
	GlobalSection(ProjectConfigurationPlatforms) = postSolution
		{A6E4A9A7-ECB4-499B-8B9B-CBDAD7A51809}.Debug|Any CPU.ActiveCfg = Debug|Any CPU
		{A6E4A9A7-ECB4-499B-8B9B-CBDAD7A51809}.Debug|Any CPU.Build.0 = Debug|Any CPU
		{A6E4A9A7-ECB4-499B-8B9B-CBDAD7A51809}.Release|Any CPU.ActiveCfg = Release|Any CPU
		{A6E4A9A7-ECB4-499B-8B9B-CBDAD7A51809}.Release|Any CPU.Build.0 = Release|Any CPU
		{CEA378A7-5423-45F3-94C1-1DFF172258B1}.Debug|Any CPU.ActiveCfg = Debug|Any CPU
		{CEA378A7-5423-45F3-94C1-1DFF172258B1}.Debug|Any CPU.Build.0 = Debug|Any CPU
		{CEA378A7-5423-45F3-94C1-1DFF172258B1}.Release|Any CPU.ActiveCfg = Release|Any CPU
		{CEA378A7-5423-45F3-94C1-1DFF172258B1}.Release|Any CPU.Build.0 = Release|Any CPU
		{20A22557-DBB3-49F7-B526-A1061D9BE03E}.Debug|Any CPU.ActiveCfg = Debug|Any CPU
		{20A22557-DBB3-49F7-B526-A1061D9BE03E}.Debug|Any CPU.Build.0 = Debug|Any CPU
		{20A22557-DBB3-49F7-B526-A1061D9BE03E}.Release|Any CPU.ActiveCfg = Release|Any CPU
		{20A22557-DBB3-49F7-B526-A1061D9BE03E}.Release|Any CPU.Build.0 = Release|Any CPU
		{8D85D21E-6170-468B-BE24-A8E9C767DFEB}.Debug|Any CPU.ActiveCfg = Debug|Any CPU
		{8D85D21E-6170-468B-BE24-A8E9C767DFEB}.Debug|Any CPU.Build.0 = Debug|Any CPU
		{8D85D21E-6170-468B-BE24-A8E9C767DFEB}.Release|Any CPU.ActiveCfg = Release|Any CPU
		{8D85D21E-6170-468B-BE24-A8E9C767DFEB}.Release|Any CPU.Build.0 = Release|Any CPU
	EndGlobalSection
	GlobalSection(SolutionProperties) = preSolution
		HideSolutionNode = FALSE
	EndGlobalSection
	GlobalSection(ExtensibilityGlobals) = postSolution
		SolutionGuid = {758B51C5-E393-4FA2-86F6-181DDD9891CD}
	EndGlobalSection
EndGlobal
